// !$*UTF8*$!
{
	archiveVersion = 1;
	classes = {
	};
	objectVersion = 46;
	objects = {

/* Begin PBXBuildFile section */
		1EA01E901E7B0F710035B1C4 /* main.m in Sources */ = {isa = PBXBuildFile; fileRef = 1EA01E8F1E7B0F710035B1C4 /* main.m */; };
		1EA01E931E7B0F710035B1C4 /* AppDelegate.m in Sources */ = {isa = PBXBuildFile; fileRef = 1EA01E921E7B0F710035B1C4 /* AppDelegate.m */; };
		1EA01E991E7B0F710035B1C4 /* Main.storyboard in Resources */ = {isa = PBXBuildFile; fileRef = 1EA01E971E7B0F710035B1C4 /* Main.storyboard */; };
		1EA01E9B1E7B0F710035B1C4 /* Assets.xcassets in Resources */ = {isa = PBXBuildFile; fileRef = 1EA01E9A1E7B0F710035B1C4 /* Assets.xcassets */; };
		1EA01E9E1E7B0F710035B1C4 /* LaunchScreen.storyboard in Resources */ = {isa = PBXBuildFile; fileRef = 1EA01E9C1E7B0F710035B1C4 /* LaunchScreen.storyboard */; };
		1EA01EA71E7B0F8C0035B1C4 /* MVMainViewController.m in Sources */ = {isa = PBXBuildFile; fileRef = 1EA01EA61E7B0F8C0035B1C4 /* MVMainViewController.m */; };
		1EA01EAA1E7B0FA20035B1C4 /* MVImageViewController.m in Sources */ = {isa = PBXBuildFile; fileRef = 1EA01EA91E7B0FA20035B1C4 /* MVImageViewController.m */; };
		1EA01EAF1E7B13FA0035B1C4 /* MVCircleView.m in Sources */ = {isa = PBXBuildFile; fileRef = 1EA01EAE1E7B13FA0035B1C4 /* MVCircleView.m */; };
		1EA01EB21E7B14080035B1C4 /* MVSquareView.m in Sources */ = {isa = PBXBuildFile; fileRef = 1EA01EB11E7B14080035B1C4 /* MVSquareView.m */; };
		1EA01EB81E7B1B3A0035B1C4 /* MVPointView.m in Sources */ = {isa = PBXBuildFile; fileRef = 1EA01EB71E7B1B3A0035B1C4 /* MVPointView.m */; };
		1EA01EBB1E7B24EC0035B1C4 /* MVShapeView.m in Sources */ = {isa = PBXBuildFile; fileRef = 1EA01EBA1E7B24EC0035B1C4 /* MVShapeView.m */; };
		1EA01EBE1E7B2E570035B1C4 /* colorful_background.jpg in Resources */ = {isa = PBXBuildFile; fileRef = 1EA01EBD1E7B2E570035B1C4 /* colorful_background.jpg */; };
/* End PBXBuildFile section */

/* Begin PBXFileReference section */
		1EA01E8B1E7B0F710035B1C4 /* DrawShapes.app */ = {isa = PBXFileReference; explicitFileType = wrapper.application; includeInIndex = 0; path = DrawShapes.app; sourceTree = BUILT_PRODUCTS_DIR; };
		1EA01E8F1E7B0F710035B1C4 /* main.m */ = {isa = PBXFileReference; lastKnownFileType = sourcecode.c.objc; path = main.m; sourceTree = "<group>"; };
		1EA01E911E7B0F710035B1C4 /* AppDelegate.h */ = {isa = PBXFileReference; lastKnownFileType = sourcecode.c.h; name = AppDelegate.h; path = Model/AppDelegate.h; sourceTree = "<group>"; };
		1EA01E921E7B0F710035B1C4 /* AppDelegate.m */ = {isa = PBXFileReference; lastKnownFileType = sourcecode.c.objc; name = AppDelegate.m; path = Model/AppDelegate.m; sourceTree = "<group>"; };
		1EA01E981E7B0F710035B1C4 /* Base */ = {isa = PBXFileReference; lastKnownFileType = file.storyboard; name = Base; path = Base.lproj/Main.storyboard; sourceTree = "<group>"; };
		1EA01E9A1E7B0F710035B1C4 /* Assets.xcassets */ = {isa = PBXFileReference; lastKnownFileType = folder.assetcatalog; path = Assets.xcassets; sourceTree = "<group>"; };
		1EA01E9D1E7B0F710035B1C4 /* Base */ = {isa = PBXFileReference; lastKnownFileType = file.storyboard; name = Base; path = Base.lproj/LaunchScreen.storyboard; sourceTree = "<group>"; };
		1EA01E9F1E7B0F710035B1C4 /* Info.plist */ = {isa = PBXFileReference; lastKnownFileType = text.plist.xml; path = Info.plist; sourceTree = "<group>"; };
		1EA01EA51E7B0F8C0035B1C4 /* MVMainViewController.h */ = {isa = PBXFileReference; fileEncoding = 4; lastKnownFileType = sourcecode.c.h; name = MVMainViewController.h; path = Controller/MVMainViewController.h; sourceTree = "<group>"; };
		1EA01EA61E7B0F8C0035B1C4 /* MVMainViewController.m */ = {isa = PBXFileReference; fileEncoding = 4; lastKnownFileType = sourcecode.c.objc; name = MVMainViewController.m; path = Controller/MVMainViewController.m; sourceTree = "<group>"; };
		1EA01EA81E7B0FA20035B1C4 /* MVImageViewController.h */ = {isa = PBXFileReference; fileEncoding = 4; lastKnownFileType = sourcecode.c.h; name = MVImageViewController.h; path = Controller/MVImageViewController.h; sourceTree = "<group>"; };
		1EA01EA91E7B0FA20035B1C4 /* MVImageViewController.m */ = {isa = PBXFileReference; fileEncoding = 4; lastKnownFileType = sourcecode.c.objc; name = MVImageViewController.m; path = Controller/MVImageViewController.m; sourceTree = "<group>"; };
		1EA01EAD1E7B13FA0035B1C4 /* MVCircleView.h */ = {isa = PBXFileReference; fileEncoding = 4; lastKnownFileType = sourcecode.c.h; name = MVCircleView.h; path = View/MVCircleView.h; sourceTree = "<group>"; };
		1EA01EAE1E7B13FA0035B1C4 /* MVCircleView.m */ = {isa = PBXFileReference; fileEncoding = 4; lastKnownFileType = sourcecode.c.objc; name = MVCircleView.m; path = View/MVCircleView.m; sourceTree = "<group>"; };
		1EA01EB01E7B14080035B1C4 /* MVSquareView.h */ = {isa = PBXFileReference; fileEncoding = 4; lastKnownFileType = sourcecode.c.h; name = MVSquareView.h; path = View/MVSquareView.h; sourceTree = "<group>"; };
		1EA01EB11E7B14080035B1C4 /* MVSquareView.m */ = {isa = PBXFileReference; fileEncoding = 4; lastKnownFileType = sourcecode.c.objc; name = MVSquareView.m; path = View/MVSquareView.m; sourceTree = "<group>"; };
		1EA01EB61E7B1B3A0035B1C4 /* MVPointView.h */ = {isa = PBXFileReference; fileEncoding = 4; lastKnownFileType = sourcecode.c.h; name = MVPointView.h; path = View/MVPointView.h; sourceTree = "<group>"; };
		1EA01EB71E7B1B3A0035B1C4 /* MVPointView.m */ = {isa = PBXFileReference; fileEncoding = 4; lastKnownFileType = sourcecode.c.objc; name = MVPointView.m; path = View/MVPointView.m; sourceTree = "<group>"; };
		1EA01EB91E7B24EC0035B1C4 /* MVShapeView.h */ = {isa = PBXFileReference; fileEncoding = 4; lastKnownFileType = sourcecode.c.h; name = MVShapeView.h; path = View/MVShapeView.h; sourceTree = "<group>"; };
		1EA01EBA1E7B24EC0035B1C4 /* MVShapeView.m */ = {isa = PBXFileReference; fileEncoding = 4; lastKnownFileType = sourcecode.c.objc; name = MVShapeView.m; path = View/MVShapeView.m; sourceTree = "<group>"; };
		1EA01EBD1E7B2E570035B1C4 /* colorful_background.jpg */ = {isa = PBXFileReference; lastKnownFileType = image.jpeg; name = colorful_background.jpg; path = ../../../Desktop/colorful_background.jpg; sourceTree = "<group>"; };
/* End PBXFileReference section */

/* Begin PBXFrameworksBuildPhase section */
		1EA01E881E7B0F710035B1C4 /* Frameworks */ = {
			isa = PBXFrameworksBuildPhase;
			buildActionMask = 2147483647;
			files = (
			);
			runOnlyForDeploymentPostprocessing = 0;
		};
/* End PBXFrameworksBuildPhase section */

/* Begin PBXGroup section */
		1EA01E821E7B0F710035B1C4 = {
			isa = PBXGroup;
			children = (
				1EA01E8D1E7B0F710035B1C4 /* DrawShapes */,
				1EA01E8C1E7B0F710035B1C4 /* Products */,
			);
			sourceTree = "<group>";
		};
		1EA01E8C1E7B0F710035B1C4 /* Products */ = {
			isa = PBXGroup;
			children = (
				1EA01E8B1E7B0F710035B1C4 /* DrawShapes.app */,
			);
			name = Products;
			sourceTree = "<group>";
		};
		1EA01E8D1E7B0F710035B1C4 /* DrawShapes */ = {
			isa = PBXGroup;
			children = (
				1EA01EBC1E7B2E2D0035B1C4 /* Resources */,
				1EA01EAC1E7B13D20035B1C4 /* View */,
				1EA01EAB1E7B0FAF0035B1C4 /* Controller */,
				1EA01E911E7B0F710035B1C4 /* AppDelegate.h */,
				1EA01E921E7B0F710035B1C4 /* AppDelegate.m */,
				1EA01E971E7B0F710035B1C4 /* Main.storyboard */,
				1EA01E9A1E7B0F710035B1C4 /* Assets.xcassets */,
				1EA01E9C1E7B0F710035B1C4 /* LaunchScreen.storyboard */,
				1EA01E9F1E7B0F710035B1C4 /* Info.plist */,
				1EA01E8E1E7B0F710035B1C4 /* Supporting Files */,
			);
			path = DrawShapes;
			sourceTree = "<group>";
		};
		1EA01E8E1E7B0F710035B1C4 /* Supporting Files */ = {
			isa = PBXGroup;
			children = (
				1EA01E8F1E7B0F710035B1C4 /* main.m */,
			);
			name = "Supporting Files";
			sourceTree = "<group>";
		};
		1EA01EAB1E7B0FAF0035B1C4 /* Controller */ = {
			isa = PBXGroup;
			children = (
				1EA01EA51E7B0F8C0035B1C4 /* MVMainViewController.h */,
				1EA01EA61E7B0F8C0035B1C4 /* MVMainViewController.m */,
				1EA01EA81E7B0FA20035B1C4 /* MVImageViewController.h */,
				1EA01EA91E7B0FA20035B1C4 /* MVImageViewController.m */,
			);
			name = Controller;
			sourceTree = "<group>";
		};
		1EA01EAC1E7B13D20035B1C4 /* View */ = {
			isa = PBXGroup;
			children = (
				1EA01EB91E7B24EC0035B1C4 /* MVShapeView.h */,
				1EA01EBA1E7B24EC0035B1C4 /* MVShapeView.m */,
				1EA01EAD1E7B13FA0035B1C4 /* MVCircleView.h */,
				1EA01EAE1E7B13FA0035B1C4 /* MVCircleView.m */,
				1EA01EB01E7B14080035B1C4 /* MVSquareView.h */,
				1EA01EB11E7B14080035B1C4 /* MVSquareView.m */,
				1EA01EB61E7B1B3A0035B1C4 /* MVPointView.h */,
				1EA01EB71E7B1B3A0035B1C4 /* MVPointView.m */,
			);
			name = View;
			sourceTree = "<group>";
		};
		1EA01EBC1E7B2E2D0035B1C4 /* Resources */ = {
			isa = PBXGroup;
			children = (
				1EA01EBD1E7B2E570035B1C4 /* colorful_background.jpg */,
			);
			name = Resources;
			sourceTree = "<group>";
		};
/* End PBXGroup section */

/* Begin PBXNativeTarget section */
		1EA01E8A1E7B0F710035B1C4 /* DrawShapes */ = {
			isa = PBXNativeTarget;
			buildConfigurationList = 1EA01EA21E7B0F710035B1C4 /* Build configuration list for PBXNativeTarget "DrawShapes" */;
			buildPhases = (
				1EA01E871E7B0F710035B1C4 /* Sources */,
				1EA01E881E7B0F710035B1C4 /* Frameworks */,
				1EA01E891E7B0F710035B1C4 /* Resources */,
			);
			buildRules = (
			);
			dependencies = (
			);
			name = DrawShapes;
			productName = DrawShapes;
			productReference = 1EA01E8B1E7B0F710035B1C4 /* DrawShapes.app */;
			productType = "com.apple.product-type.application";
		};
/* End PBXNativeTarget section */

/* Begin PBXProject section */
		1EA01E831E7B0F710035B1C4 /* Project object */ = {
			isa = PBXProject;
			attributes = {
				LastUpgradeCheck = 0820;
				ORGANIZATIONNAME = "Mountain Viewer";
				TargetAttributes = {
					1EA01E8A1E7B0F710035B1C4 = {
						CreatedOnToolsVersion = 8.2.1;
						DevelopmentTeam = 7544MQP9KA;
						ProvisioningStyle = Automatic;
					};
				};
			};
			buildConfigurationList = 1EA01E861E7B0F710035B1C4 /* Build configuration list for PBXProject "DrawShapes" */;
			compatibilityVersion = "Xcode 3.2";
			developmentRegion = English;
			hasScannedForEncodings = 0;
			knownRegions = (
				en,
				Base,
			);
			mainGroup = 1EA01E821E7B0F710035B1C4;
			productRefGroup = 1EA01E8C1E7B0F710035B1C4 /* Products */;
			projectDirPath = "";
			projectRoot = "";
			targets = (
				1EA01E8A1E7B0F710035B1C4 /* DrawShapes */,
			);
		};
/* End PBXProject section */

/* Begin PBXResourcesBuildPhase section */
		1EA01E891E7B0F710035B1C4 /* Resources */ = {
			isa = PBXResourcesBuildPhase;
			buildActionMask = 2147483647;
			files = (
				1EA01E9E1E7B0F710035B1C4 /* LaunchScreen.storyboard in Resources */,
				1EA01E9B1E7B0F710035B1C4 /* Assets.xcassets in Resources */,
				1EA01E991E7B0F710035B1C4 /* Main.storyboard in Resources */,
				1EA01EBE1E7B2E570035B1C4 /* colorful_background.jpg in Resources */,
			);
			runOnlyForDeploymentPostprocessing = 0;
		};
/* End PBXResourcesBuildPhase section */

/* Begin PBXSourcesBuildPhase section */
		1EA01E871E7B0F710035B1C4 /* Sources */ = {
			isa = PBXSourcesBuildPhase;
			buildActionMask = 2147483647;
			files = (
				1EA01EA71E7B0F8C0035B1C4 /* MVMainViewController.m in Sources */,
				1EA01EB81E7B1B3A0035B1C4 /* MVPointView.m in Sources */,
				1EA01EAA1E7B0FA20035B1C4 /* MVImageViewController.m in Sources */,
				1EA01EB21E7B14080035B1C4 /* MVSquareView.m in Sources */,
				1EA01EAF1E7B13FA0035B1C4 /* MVCircleView.m in Sources */,
				1EA01E931E7B0F710035B1C4 /* AppDelegate.m in Sources */,
				1EA01E901E7B0F710035B1C4 /* main.m in Sources */,
				1EA01EBB1E7B24EC0035B1C4 /* MVShapeView.m in Sources */,
			);
			runOnlyForDeploymentPostprocessing = 0;
		};
/* End PBXSourcesBuildPhase section */

/* Begin PBXVariantGroup section */
		1EA01E971E7B0F710035B1C4 /* Main.storyboard */ = {
			isa = PBXVariantGroup;
			children = (
				1EA01E981E7B0F710035B1C4 /* Base */,
			);
			name = Main.storyboard;
			sourceTree = "<group>";
		};
		1EA01E9C1E7B0F710035B1C4 /* LaunchScreen.storyboard */ = {
			isa = PBXVariantGroup;
			children = (
				1EA01E9D1E7B0F710035B1C4 /* Base */,
			);
			name = LaunchScreen.storyboard;
			sourceTree = "<group>";
		};
/* End PBXVariantGroup section */

/* Begin XCBuildConfiguration section */
		1EA01EA01E7B0F710035B1C4 /* Debug */ = {
			isa = XCBuildConfiguration;
			buildSettings = {
				ALWAYS_SEARCH_USER_PATHS = NO;
				CLANG_ANALYZER_NONNULL = YES;
				CLANG_CXX_LANGUAGE_STANDARD = "gnu++0x";
				CLANG_CXX_LIBRARY = "libc++";
				CLANG_ENABLE_MODULES = YES;
				CLANG_ENABLE_OBJC_ARC = YES;
				CLANG_WARN_BOOL_CONVERSION = YES;
				CLANG_WARN_CONSTANT_CONVERSION = YES;
				CLANG_WARN_DIRECT_OBJC_ISA_USAGE = YES_ERROR;
				CLANG_WARN_DOCUMENTATION_COMMENTS = YES;
				CLANG_WARN_EMPTY_BODY = YES;
				CLANG_WARN_ENUM_CONVERSION = YES;
				CLANG_WARN_INFINITE_RECURSION = YES;
				CLANG_WARN_INT_CONVERSION = YES;
				CLANG_WARN_OBJC_ROOT_CLASS = YES_ERROR;
				CLANG_WARN_SUSPICIOUS_MOVE = YES;
				CLANG_WARN_UNREACHABLE_CODE = YES;
				CLANG_WARN__DUPLICATE_METHOD_MATCH = YES;
				"CODE_SIGN_IDENTITY[sdk=iphoneos*]" = "iPhone Developer";
				COPY_PHASE_STRIP = NO;
				DEBUG_INFORMATION_FORMAT = dwarf;
				ENABLE_STRICT_OBJC_MSGSEND = YES;
				ENABLE_TESTABILITY = YES;
				GCC_C_LANGUAGE_STANDARD = gnu99;
				GCC_DYNAMIC_NO_PIC = NO;
				GCC_NO_COMMON_BLOCKS = YES;
				GCC_OPTIMIZATION_LEVEL = 0;
				GCC_PREPROCESSOR_DEFINITIONS = (
					"DEBUG=1",
					"$(inherited)",
				);
				GCC_WARN_64_TO_32_BIT_CONVERSION = YES;
				GCC_WARN_ABOUT_RETURN_TYPE = YES_ERROR;
				GCC_WARN_UNDECLARED_SELECTOR = YES;
				GCC_WARN_UNINITIALIZED_AUTOS = YES_AGGRESSIVE;
				GCC_WARN_UNUSED_FUNCTION = YES;
				GCC_WARN_UNUSED_VARIABLE = YES;
				IPHONEOS_DEPLOYMENT_TARGET = 10.2;
				MTL_ENABLE_DEBUG_INFO = YES;
				ONLY_ACTIVE_ARCH = YES;
				SDKROOT = iphoneos;
				TARGETED_DEVICE_FAMILY = "1,2";
			};
			name = Debug;
		};
		1EA01EA11E7B0F710035B1C4 /* Release */ = {
			isa = XCBuildConfiguration;
			buildSettings = {
				ALWAYS_SEARCH_USER_PATHS = NO;
				CLANG_ANALYZER_NONNULL = YES;
				CLANG_CXX_LANGUAGE_STANDARD = "gnu++0x";
				CLANG_CXX_LIBRARY = "libc++";
				CLANG_ENABLE_MODULES = YES;
				CLANG_ENABLE_OBJC_ARC = YES;
				CLANG_WARN_BOOL_CONVERSION = YES;
				CLANG_WARN_CONSTANT_CONVERSION = YES;
				CLANG_WARN_DIRECT_OBJC_ISA_USAGE = YES_ERROR;
				CLANG_WARN_DOCUMENTATION_COMMENTS = YES;
				CLANG_WARN_EMPTY_BODY = YES;
				CLANG_WARN_ENUM_CONVERSION = YES;
				CLANG_WARN_INFINITE_RECURSION = YES;
				CLANG_WARN_INT_CONVERSION = YES;
				CLANG_WARN_OBJC_ROOT_CLASS = YES_ERROR;
				CLANG_WARN_SUSPICIOUS_MOVE = YES;
				CLANG_WARN_UNREACHABLE_CODE = YES;
				CLANG_WARN__DUPLICATE_METHOD_MATCH = YES;
				"CODE_SIGN_IDENTITY[sdk=iphoneos*]" = "iPhone Developer";
				COPY_PHASE_STRIP = NO;
				DEBUG_INFORMATION_FORMAT = "dwarf-with-dsym";
				ENABLE_NS_ASSERTIONS = NO;
				ENABLE_STRICT_OBJC_MSGSEND = YES;
				GCC_C_LANGUAGE_STANDARD = gnu99;
				GCC_NO_COMMON_BLOCKS = YES;
				GCC_WARN_64_TO_32_BIT_CONVERSION = YES;
				GCC_WARN_ABOUT_RETURN_TYPE = YES_ERROR;
				GCC_WARN_UNDECLARED_SELECTOR = YES;
				GCC_WARN_UNINITIALIZED_AUTOS = YES_AGGRESSIVE;
				GCC_WARN_UNUSED_FUNCTION = YES;
				GCC_WARN_UNUSED_VARIABLE = YES;
				IPHONEOS_DEPLOYMENT_TARGET = 10.2;
				MTL_ENABLE_DEBUG_INFO = NO;
				SDKROOT = iphoneos;
				TARGETED_DEVICE_FAMILY = "1,2";
				VALIDATE_PRODUCT = YES;
			};
			name = Release;
		};
		1EA01EA31E7B0F710035B1C4 /* Debug */ = {
			isa = XCBuildConfiguration;
			buildSettings = {
				ASSETCATALOG_COMPILER_APPICON_NAME = AppIcon;
				DEVELOPMENT_TEAM = 7544MQP9KA;
				INFOPLIST_FILE = DrawShapes/Info.plist;
				LD_RUNPATH_SEARCH_PATHS = "$(inherited) @executable_path/Frameworks";
				PRODUCT_BUNDLE_IDENTIFIER = "com.mountain-viewer.DrawShapes";
				PRODUCT_NAME = "$(TARGET_NAME)";
			};
			name = Debug;
		};
		1EA01EA41E7B0F710035B1C4 /* Release */ = {
			isa = XCBuildConfiguration;
			buildSettings = {
				ASSETCATALOG_COMPILER_APPICON_NAME = AppIcon;
				DEVELOPMENT_TEAM = 7544MQP9KA;
				INFOPLIST_FILE = DrawShapes/Info.plist;
				LD_RUNPATH_SEARCH_PATHS = "$(inherited) @executable_path/Frameworks";
				PRODUCT_BUNDLE_IDENTIFIER = "com.mountain-viewer.DrawShapes";
				PRODUCT_NAME = "$(TARGET_NAME)";
			};
			name = Release;
		};
/* End XCBuildConfiguration section */

/* Begin XCConfigurationList section */
		1EA01E861E7B0F710035B1C4 /* Build configuration list for PBXProject "DrawShapes" */ = {
			isa = XCConfigurationList;
			buildConfigurations = (
				1EA01EA01E7B0F710035B1C4 /* Debug */,
				1EA01EA11E7B0F710035B1C4 /* Release */,
			);
			defaultConfigurationIsVisible = 0;
			defaultConfigurationName = Release;
		};
		1EA01EA21E7B0F710035B1C4 /* Build configuration list for PBXNativeTarget "DrawShapes" */ = {
			isa = XCConfigurationList;
			buildConfigurations = (
				1EA01EA31E7B0F710035B1C4 /* Debug */,
				1EA01EA41E7B0F710035B1C4 /* Release */,
			);
			defaultConfigurationIsVisible = 0;
			defaultConfigurationName = Release;
		};
/* End XCConfigurationList section */
	};
	rootObject = 1EA01E831E7B0F710035B1C4 /* Project object */;
}
